// !$*UTF8*$!
{
	archiveVersion = 1;
	classes = {
	};
	objectVersion = 46;
	objects = {

/* Begin PBXBuildFile section */
		040DF9971F1E772600787446 /* BassButton2.m in Sources */ = {isa = PBXBuildFile; fileRef = 040DF9961F1E772600787446 /* BassButton2.m */; };
		0422C7A11CF56FC40002D0E4 /* RuntimeController.m in Sources */ = {isa = PBXBuildFile; fileRef = 0422C7A01CF56FC40002D0E4 /* RuntimeController.m */; };
		0422C7A41CF570900002D0E4 /* Person.m in Sources */ = {isa = PBXBuildFile; fileRef = 0422C7A31CF570900002D0E4 /* Person.m */; };
		0422C7AA1CF57D3B0002D0E4 /* UIImage+Image.m in Sources */ = {isa = PBXBuildFile; fileRef = 0422C7A91CF57D3B0002D0E4 /* UIImage+Image.m */; };
		0422C7AD1CF587210002D0E4 /* NSObject+Property.m in Sources */ = {isa = PBXBuildFile; fileRef = 0422C7AC1CF587210002D0E4 /* NSObject+Property.m */; };
		045E06801F1E69D100D8E693 /* Bass_Button.m in Sources */ = {isa = PBXBuildFile; fileRef = 045E067F1F1E69D100D8E693 /* Bass_Button.m */; };
		0477228E1EFE9D12001641BC /* GCDTestViewController.m in Sources */ = {isa = PBXBuildFile; fileRef = 0477228D1EFE9D12001641BC /* GCDTestViewController.m */; };
		047722921EFE9DC2001641BC /* RunloopTestController.m in Sources */ = {isa = PBXBuildFile; fileRef = 047722911EFE9DC2001641BC /* RunloopTestController.m */; };
		047722961F001154001641BC /* HTTPTestController.m in Sources */ = {isa = PBXBuildFile; fileRef = 047722951F001154001641BC /* HTTPTestController.m */; };
		04A2372B1D93C53B0091C788 /* UIView+CornerBorder.m in Sources */ = {isa = PBXBuildFile; fileRef = 04A2372A1D93C53B0091C788 /* UIView+CornerBorder.m */; };
		04C0CB121F1E6663003F5DC1 /* NewView.xib in Resources */ = {isa = PBXBuildFile; fileRef = 04C0CB111F1E6663003F5DC1 /* NewView.xib */; };
		1215BEC51F31D941006929E3 /* YJ_synthesize_test_VCViewController.mm in Sources */ = {isa = PBXBuildFile; fileRef = 1215BEC41F31D941006929E3 /* YJ_synthesize_test_VCViewController.mm */; };
		124C807C1C816B5100CDBAF2 /* NewView.m in Sources */ = {isa = PBXBuildFile; fileRef = 124C807B1C816B5100CDBAF2 /* NewView.m */; };
		124C80811C81774500CDBAF2 /* XIBLineViewController.m in Sources */ = {isa = PBXBuildFile; fileRef = 124C807F1C81774500CDBAF2 /* XIBLineViewController.m */; };
		124C80821C81774500CDBAF2 /* XIBLineViewController.xib in Resources */ = {isa = PBXBuildFile; fileRef = 124C80801C81774500CDBAF2 /* XIBLineViewController.xib */; };
		124C80851C8178A300CDBAF2 /* Line.m in Sources */ = {isa = PBXBuildFile; fileRef = 124C80841C8178A300CDBAF2 /* Line.m */; };
		124C80881C81816200CDBAF2 /* UIView+Line.m in Sources */ = {isa = PBXBuildFile; fileRef = 124C80871C81816200CDBAF2 /* UIView+Line.m */; };
		125E17DA1F2ED3420062B42A /* 网络动图加载 in Resources */ = {isa = PBXBuildFile; fileRef = 125E17D91F2ED3420062B42A /* 网络动图加载 */; };
		127629F81C57046F007EFF40 /* YJTestViewController.m in Sources */ = {isa = PBXBuildFile; fileRef = 127629F71C57046F007EFF40 /* YJTestViewController.m */; };
		127629FB1C571B21007EFF40 /* YJTestButton.m in Sources */ = {isa = PBXBuildFile; fileRef = 127629FA1C571B21007EFF40 /* YJTestButton.m */; };
		127A6B5B1C840D0700854A38 /* VCExchangeViewController.m in Sources */ = {isa = PBXBuildFile; fileRef = 127A6B591C840D0700854A38 /* VCExchangeViewController.m */; };
		127A6B5C1C840D0700854A38 /* VCExchangeViewController.xib in Resources */ = {isa = PBXBuildFile; fileRef = 127A6B5A1C840D0700854A38 /* VCExchangeViewController.xib */; };
		127A6B601C84259800854A38 /* VCEchange_A.m in Sources */ = {isa = PBXBuildFile; fileRef = 127A6B5E1C84259800854A38 /* VCEchange_A.m */; };
		127A6B611C84259800854A38 /* VCEchange_A.xib in Resources */ = {isa = PBXBuildFile; fileRef = 127A6B5F1C84259800854A38 /* VCEchange_A.xib */; };
		127A6B651C8425C100854A38 /* VCExchange_B.m in Sources */ = {isa = PBXBuildFile; fileRef = 127A6B631C8425C100854A38 /* VCExchange_B.m */; };
		127A6B661C8425C100854A38 /* VCExchange_B.xib in Resources */ = {isa = PBXBuildFile; fileRef = 127A6B641C8425C100854A38 /* VCExchange_B.xib */; };
		12809BA21C8156B2004FE7AD /* UIView+CornerRadius.m in Sources */ = {isa = PBXBuildFile; fileRef = 12809BA11C8156B2004FE7AD /* UIView+CornerRadius.m */; };
		12809BAC1C816806004FE7AD /* XIBConfiViewController.m in Sources */ = {isa = PBXBuildFile; fileRef = 12809BAA1C816806004FE7AD /* XIBConfiViewController.m */; };
		12809BAD1C816806004FE7AD /* XIBConfiViewController.xib in Resources */ = {isa = PBXBuildFile; fileRef = 12809BAB1C816806004FE7AD /* XIBConfiViewController.xib */; };
		1287B5151F32CA2000FEAE44 /* YJScrollViewController.m in Sources */ = {isa = PBXBuildFile; fileRef = 1287B5141F32CA2000FEAE44 /* YJScrollViewController.m */; };
		1287B5181F32D1A700FEAE44 /* YJTestScrollView.m in Sources */ = {isa = PBXBuildFile; fileRef = 1287B5171F32D1A700FEAE44 /* YJTestScrollView.m */; };
		12E660221C560E6900524CE5 /* main.m in Sources */ = {isa = PBXBuildFile; fileRef = 12E660211C560E6900524CE5 /* main.m */; };
		12E660251C560E6900524CE5 /* AppDelegate.m in Sources */ = {isa = PBXBuildFile; fileRef = 12E660241C560E6900524CE5 /* AppDelegate.m */; };
		12E660281C560E6900524CE5 /* ViewController.m in Sources */ = {isa = PBXBuildFile; fileRef = 12E660271C560E6900524CE5 /* ViewController.m */; };
		12E6602D1C560E6900524CE5 /* Assets.xcassets in Resources */ = {isa = PBXBuildFile; fileRef = 12E6602C1C560E6900524CE5 /* Assets.xcassets */; };
		12E660301C560E6900524CE5 /* LaunchScreen.storyboard in Resources */ = {isa = PBXBuildFile; fileRef = 12E6602E1C560E6900524CE5 /* LaunchScreen.storyboard */; };
		12E7056D1C819225003D732E /* YJScrollLabel.m in Sources */ = {isa = PBXBuildFile; fileRef = 12E7056C1C819225003D732E /* YJScrollLabel.m */; };
		12E705701C819237003D732E /* UIView+YJ.m in Sources */ = {isa = PBXBuildFile; fileRef = 12E7056F1C819237003D732E /* UIView+YJ.m */; };
		12E705741C8192C4003D732E /* YJScrollTextViewController.m in Sources */ = {isa = PBXBuildFile; fileRef = 12E705721C8192C4003D732E /* YJScrollTextViewController.m */; };
		12E705791C8199C6003D732E /* WXAnation.m in Sources */ = {isa = PBXBuildFile; fileRef = 12E705781C8199C6003D732E /* WXAnation.m */; };
		12E7057D1C819A2A003D732E /* AppleMapViewController.m in Sources */ = {isa = PBXBuildFile; fileRef = 12E7057B1C819A2A003D732E /* AppleMapViewController.m */; };
		12E7057E1C819A2A003D732E /* AppleMapViewController.xib in Resources */ = {isa = PBXBuildFile; fileRef = 12E7057C1C819A2A003D732E /* AppleMapViewController.xib */; };
		12E705801C819CAC003D732E /* search.png in Resources */ = {isa = PBXBuildFile; fileRef = 12E7057F1C819CAC003D732E /* search.png */; };
		E41774B51D17F1DC001D4C7B /* YJCornerTestController.m in Sources */ = {isa = PBXBuildFile; fileRef = E41774B41D17F1DC001D4C7B /* YJCornerTestController.m */; };
		E41774B81D17F232001D4C7B /* YJCornerCell.m in Sources */ = {isa = PBXBuildFile; fileRef = E41774B71D17F232001D4C7B /* YJCornerCell.m */; };
		E41774BB1D17FD72001D4C7B /* UIView+YJCorner.m in Sources */ = {isa = PBXBuildFile; fileRef = E41774BA1D17FD72001D4C7B /* UIView+YJCorner.m */; };
		E4244E791D12FE6000A1A0A6 /* YJTestFrameViewController.m in Sources */ = {isa = PBXBuildFile; fileRef = E4244E781D12FE6000A1A0A6 /* YJTestFrameViewController.m */; };
		E4244E7F1D12FF7900A1A0A6 /* YJTestFrameTabarController.m in Sources */ = {isa = PBXBuildFile; fileRef = E4244E7E1D12FF7900A1A0A6 /* YJTestFrameTabarController.m */; };
		E4244E821D13000200A1A0A6 /* YJTestFrame_AController.m in Sources */ = {isa = PBXBuildFile; fileRef = E4244E811D13000200A1A0A6 /* YJTestFrame_AController.m */; };
		E4244E851D13003300A1A0A6 /* YJTestFrame_BController.m in Sources */ = {isa = PBXBuildFile; fileRef = E4244E841D13003300A1A0A6 /* YJTestFrame_BController.m */; };
		E4244E881D13005F00A1A0A6 /* YJTestFrame_CController.m in Sources */ = {isa = PBXBuildFile; fileRef = E4244E871D13005F00A1A0A6 /* YJTestFrame_CController.m */; };
		E4244E8B1D13007600A1A0A6 /* YJTestFrame_DController.m in Sources */ = {isa = PBXBuildFile; fileRef = E4244E8A1D13007600A1A0A6 /* YJTestFrame_DController.m */; };
		E4244E8E1D1300A100A1A0A6 /* YJTestFrame_A_AController.m in Sources */ = {isa = PBXBuildFile; fileRef = E4244E8D1D1300A100A1A0A6 /* YJTestFrame_A_AController.m */; };
		E43FE66D1D09D7CB00783055 /* YJSearchResultController.m in Sources */ = {isa = PBXBuildFile; fileRef = E43FE66B1D09D7CB00783055 /* YJSearchResultController.m */; };
		E43FE66E1D09D7CB00783055 /* YJSearchResultController.xib in Resources */ = {isa = PBXBuildFile; fileRef = E43FE66C1D09D7CB00783055 /* YJSearchResultController.xib */; };
		E43FE6721D0C360F00783055 /* YJSearchController.m in Sources */ = {isa = PBXBuildFile; fileRef = E43FE6701D0C360F00783055 /* YJSearchController.m */; };
		E43FE67E1D0C3BCE00783055 /* StatisticKit.m in Sources */ = {isa = PBXBuildFile; fileRef = E43FE67B1D0C3BCE00783055 /* StatisticKit.m */; };
		E43FE67F1D0C3BCE00783055 /* StatisticManager.m in Sources */ = {isa = PBXBuildFile; fileRef = E43FE67D1D0C3BCE00783055 /* StatisticManager.m */; };
		E43FE6831D0C3C5A00783055 /* YJStatisticController.m in Sources */ = {isa = PBXBuildFile; fileRef = E43FE6811D0C3C5A00783055 /* YJStatisticController.m */; };
		E43FE6841D0C3C5A00783055 /* YJStatisticController.xib in Resources */ = {isa = PBXBuildFile; fileRef = E43FE6821D0C3C5A00783055 /* YJStatisticController.xib */; };
		E43FE6971D0DC5AF00783055 /* KeychainTestController.m in Sources */ = {isa = PBXBuildFile; fileRef = E43FE6951D0DC5AF00783055 /* KeychainTestController.m */; };
		E43FE6981D0DC5AF00783055 /* KeychainTestController.xib in Resources */ = {isa = PBXBuildFile; fileRef = E43FE6961D0DC5AF00783055 /* KeychainTestController.xib */; };
		E43FE69B1D0DC60200783055 /* YJKeychain.m in Sources */ = {isa = PBXBuildFile; fileRef = E43FE69A1D0DC60200783055 /* YJKeychain.m */; };
		E449FDB81D354BF600ACDEAF /* SearchMainTabController.m in Sources */ = {isa = PBXBuildFile; fileRef = E449FDB71D354BF600ACDEAF /* SearchMainTabController.m */; };
		E449FDBB1D354CB500ACDEAF /* SearchControllerA.m in Sources */ = {isa = PBXBuildFile; fileRef = E449FDBA1D354CB500ACDEAF /* SearchControllerA.m */; };
		E449FDBE1D354CDB00ACDEAF /* SearchControllerB.m in Sources */ = {isa = PBXBuildFile; fileRef = E449FDBD1D354CDB00ACDEAF /* SearchControllerB.m */; };
		E449FDC11D354D3000ACDEAF /* SearchResultController.m in Sources */ = {isa = PBXBuildFile; fileRef = E449FDC01D354D3000ACDEAF /* SearchResultController.m */; };
		E470CC481D2D646800C5265E /* KVOTestController.m in Sources */ = {isa = PBXBuildFile; fileRef = E470CC471D2D646800C5265E /* KVOTestController.m */; };
		E470CC4B1D2D648C00C5265E /* KVOButton.m in Sources */ = {isa = PBXBuildFile; fileRef = E470CC4A1D2D648C00C5265E /* KVOButton.m */; };
		E470CC4E1D2D6B8A00C5265E /* UIView+DDAddition.m in Sources */ = {isa = PBXBuildFile; fileRef = E470CC4D1D2D6B8A00C5265E /* UIView+DDAddition.m */; };
		E4F6E42B1D61C92B002F7C52 /* WQLPaoMaView.m in Sources */ = {isa = PBXBuildFile; fileRef = E4F6E42A1D61C92B002F7C52 /* WQLPaoMaView.m */; };
/* End PBXBuildFile section */

/* Begin PBXFileReference section */
		040DF9951F1E772600787446 /* BassButton2.h */ = {isa = PBXFileReference; fileEncoding = 4; lastKnownFileType = sourcecode.c.h; path = BassButton2.h; sourceTree = "<group>"; };
		040DF9961F1E772600787446 /* BassButton2.m */ = {isa = PBXFileReference; fileEncoding = 4; lastKnownFileType = sourcecode.c.objc; path = BassButton2.m; sourceTree = "<group>"; };
		0422C79F1CF56FC40002D0E4 /* RuntimeController.h */ = {isa = PBXFileReference; fileEncoding = 4; lastKnownFileType = sourcecode.c.h; path = RuntimeController.h; sourceTree = "<group>"; };
		0422C7A01CF56FC40002D0E4 /* RuntimeController.m */ = {isa = PBXFileReference; fileEncoding = 4; lastKnownFileType = sourcecode.c.objc; path = RuntimeController.m; sourceTree = "<group>"; };
		0422C7A21CF570900002D0E4 /* Person.h */ = {isa = PBXFileReference; fileEncoding = 4; lastKnownFileType = sourcecode.c.h; path = Person.h; sourceTree = "<group>"; };
		0422C7A31CF570900002D0E4 /* Person.m */ = {isa = PBXFileReference; fileEncoding = 4; lastKnownFileType = sourcecode.c.objc; path = Person.m; sourceTree = "<group>"; };
		0422C7A81CF57D3B0002D0E4 /* UIImage+Image.h */ = {isa = PBXFileReference; fileEncoding = 4; lastKnownFileType = sourcecode.c.h; path = "UIImage+Image.h"; sourceTree = "<group>"; };
		0422C7A91CF57D3B0002D0E4 /* UIImage+Image.m */ = {isa = PBXFileReference; fileEncoding = 4; lastKnownFileType = sourcecode.c.objc; path = "UIImage+Image.m"; sourceTree = "<group>"; };
		0422C7AB1CF587210002D0E4 /* NSObject+Property.h */ = {isa = PBXFileReference; fileEncoding = 4; lastKnownFileType = sourcecode.c.h; path = "NSObject+Property.h"; sourceTree = "<group>"; };
		0422C7AC1CF587210002D0E4 /* NSObject+Property.m */ = {isa = PBXFileReference; fileEncoding = 4; lastKnownFileType = sourcecode.c.objc; path = "NSObject+Property.m"; sourceTree = "<group>"; };
		045E067E1F1E69D100D8E693 /* Bass_Button.h */ = {isa = PBXFileReference; fileEncoding = 4; lastKnownFileType = sourcecode.c.h; path = Bass_Button.h; sourceTree = "<group>"; };
		045E067F1F1E69D100D8E693 /* Bass_Button.m */ = {isa = PBXFileReference; fileEncoding = 4; lastKnownFileType = sourcecode.c.objc; path = Bass_Button.m; sourceTree = "<group>"; };
		0477228C1EFE9D12001641BC /* GCDTestViewController.h */ = {isa = PBXFileReference; fileEncoding = 4; lastKnownFileType = sourcecode.c.h; name = GCDTestViewController.h; path = "GCD练习/GCDTestViewController.h"; sourceTree = "<group>"; };
		0477228D1EFE9D12001641BC /* GCDTestViewController.m */ = {isa = PBXFileReference; fileEncoding = 4; lastKnownFileType = sourcecode.c.objc; name = GCDTestViewController.m; path = "GCD练习/GCDTestViewController.m"; sourceTree = "<group>"; };
		047722901EFE9DC2001641BC /* RunloopTestController.h */ = {isa = PBXFileReference; fileEncoding = 4; lastKnownFileType = sourcecode.c.h; name = RunloopTestController.h; path = "Runloop练习/RunloopTestController.h"; sourceTree = "<group>"; };
		047722911EFE9DC2001641BC /* RunloopTestController.m */ = {isa = PBXFileReference; fileEncoding = 4; lastKnownFileType = sourcecode.c.objc; name = RunloopTestController.m; path = "Runloop练习/RunloopTestController.m"; sourceTree = "<group>"; };
		047722941F001154001641BC /* HTTPTestController.h */ = {isa = PBXFileReference; fileEncoding = 4; lastKnownFileType = sourcecode.c.h; name = HTTPTestController.h; path = HTTP_TCP_UDP/HTTPTestController.h; sourceTree = "<group>"; };
		047722951F001154001641BC /* HTTPTestController.m */ = {isa = PBXFileReference; fileEncoding = 4; lastKnownFileType = sourcecode.c.objc; name = HTTPTestController.m; path = HTTP_TCP_UDP/HTTPTestController.m; sourceTree = "<group>"; };
		04A237291D93C53B0091C788 /* UIView+CornerBorder.h */ = {isa = PBXFileReference; fileEncoding = 4; lastKnownFileType = sourcecode.c.h; path = "UIView+CornerBorder.h"; sourceTree = "<group>"; };
		04A2372A1D93C53B0091C788 /* UIView+CornerBorder.m */ = {isa = PBXFileReference; fileEncoding = 4; lastKnownFileType = sourcecode.c.objc; path = "UIView+CornerBorder.m"; sourceTree = "<group>"; };
		04C0CB111F1E6663003F5DC1 /* NewView.xib */ = {isa = PBXFileReference; fileEncoding = 4; lastKnownFileType = file.xib; path = NewView.xib; sourceTree = "<group>"; };
		1215BEC31F31D941006929E3 /* YJ_synthesize_test_VCViewController.h */ = {isa = PBXFileReference; fileEncoding = 4; lastKnownFileType = sourcecode.c.h; name = YJ_synthesize_test_VCViewController.h; path = synthesize/YJ_synthesize_test_VCViewController.h; sourceTree = "<group>"; };
		1215BEC41F31D941006929E3 /* YJ_synthesize_test_VCViewController.mm */ = {isa = PBXFileReference; fileEncoding = 4; lastKnownFileType = sourcecode.cpp.objcpp; name = YJ_synthesize_test_VCViewController.mm; path = synthesize/YJ_synthesize_test_VCViewController.mm; sourceTree = "<group>"; };
		124C807A1C816B5100CDBAF2 /* NewView.h */ = {isa = PBXFileReference; fileEncoding = 4; lastKnownFileType = sourcecode.c.h; path = NewView.h; sourceTree = "<group>"; };
		124C807B1C816B5100CDBAF2 /* NewView.m */ = {isa = PBXFileReference; fileEncoding = 4; lastKnownFileType = sourcecode.c.objc; path = NewView.m; sourceTree = "<group>"; };
		124C807E1C81774500CDBAF2 /* XIBLineViewController.h */ = {isa = PBXFileReference; fileEncoding = 4; lastKnownFileType = sourcecode.c.h; path = XIBLineViewController.h; sourceTree = "<group>"; };
		124C807F1C81774500CDBAF2 /* XIBLineViewController.m */ = {isa = PBXFileReference; fileEncoding = 4; lastKnownFileType = sourcecode.c.objc; path = XIBLineViewController.m; sourceTree = "<group>"; };
		124C80801C81774500CDBAF2 /* XIBLineViewController.xib */ = {isa = PBXFileReference; fileEncoding = 4; lastKnownFileType = file.xib; path = XIBLineViewController.xib; sourceTree = "<group>"; };
		124C80831C8178A300CDBAF2 /* Line.h */ = {isa = PBXFileReference; fileEncoding = 4; lastKnownFileType = sourcecode.c.h; path = Line.h; sourceTree = "<group>"; };
		124C80841C8178A300CDBAF2 /* Line.m */ = {isa = PBXFileReference; fileEncoding = 4; lastKnownFileType = sourcecode.c.objc; path = Line.m; sourceTree = "<group>"; };
		124C80861C81816200CDBAF2 /* UIView+Line.h */ = {isa = PBXFileReference; fileEncoding = 4; lastKnownFileType = sourcecode.c.h; path = "UIView+Line.h"; sourceTree = "<group>"; };
		124C80871C81816200CDBAF2 /* UIView+Line.m */ = {isa = PBXFileReference; fileEncoding = 4; lastKnownFileType = sourcecode.c.objc; path = "UIView+Line.m"; sourceTree = "<group>"; };
		125E17D91F2ED3420062B42A /* 网络动图加载 */ = {isa = PBXFileReference; lastKnownFileType = folder; path = "网络动图加载"; sourceTree = "<group>"; };
		127629F61C57046F007EFF40 /* YJTestViewController.h */ = {isa = PBXFileReference; fileEncoding = 4; lastKnownFileType = sourcecode.c.h; path = YJTestViewController.h; sourceTree = "<group>"; };
		127629F71C57046F007EFF40 /* YJTestViewController.m */ = {isa = PBXFileReference; fileEncoding = 4; lastKnownFileType = sourcecode.c.objc; path = YJTestViewController.m; sourceTree = "<group>"; };
		127629F91C571B21007EFF40 /* YJTestButton.h */ = {isa = PBXFileReference; fileEncoding = 4; lastKnownFileType = sourcecode.c.h; path = YJTestButton.h; sourceTree = "<group>"; };
		127629FA1C571B21007EFF40 /* YJTestButton.m */ = {isa = PBXFileReference; fileEncoding = 4; lastKnownFileType = sourcecode.c.objc; path = YJTestButton.m; sourceTree = "<group>"; };
		127A6B581C840D0700854A38 /* VCExchangeViewController.h */ = {isa = PBXFileReference; fileEncoding = 4; lastKnownFileType = sourcecode.c.h; path = VCExchangeViewController.h; sourceTree = "<group>"; };
		127A6B591C840D0700854A38 /* VCExchangeViewController.m */ = {isa = PBXFileReference; fileEncoding = 4; lastKnownFileType = sourcecode.c.objc; path = VCExchangeViewController.m; sourceTree = "<group>"; };
		127A6B5A1C840D0700854A38 /* VCExchangeViewController.xib */ = {isa = PBXFileReference; fileEncoding = 4; lastKnownFileType = file.xib; path = VCExchangeViewController.xib; sourceTree = "<group>"; };
		127A6B5D1C84259800854A38 /* VCEchange_A.h */ = {isa = PBXFileReference; fileEncoding = 4; lastKnownFileType = sourcecode.c.h; path = VCEchange_A.h; sourceTree = "<group>"; };
		127A6B5E1C84259800854A38 /* VCEchange_A.m */ = {isa = PBXFileReference; fileEncoding = 4; lastKnownFileType = sourcecode.c.objc; path = VCEchange_A.m; sourceTree = "<group>"; };
		127A6B5F1C84259800854A38 /* VCEchange_A.xib */ = {isa = PBXFileReference; fileEncoding = 4; lastKnownFileType = file.xib; path = VCEchange_A.xib; sourceTree = "<group>"; };
		127A6B621C8425C100854A38 /* VCExchange_B.h */ = {isa = PBXFileReference; fileEncoding = 4; lastKnownFileType = sourcecode.c.h; path = VCExchange_B.h; sourceTree = "<group>"; };
		127A6B631C8425C100854A38 /* VCExchange_B.m */ = {isa = PBXFileReference; fileEncoding = 4; lastKnownFileType = sourcecode.c.objc; path = VCExchange_B.m; sourceTree = "<group>"; };
		127A6B641C8425C100854A38 /* VCExchange_B.xib */ = {isa = PBXFileReference; fileEncoding = 4; lastKnownFileType = file.xib; path = VCExchange_B.xib; sourceTree = "<group>"; };
		12809BA01C8156B2004FE7AD /* UIView+CornerRadius.h */ = {isa = PBXFileReference; fileEncoding = 4; lastKnownFileType = sourcecode.c.h; path = "UIView+CornerRadius.h"; sourceTree = "<group>"; };
		12809BA11C8156B2004FE7AD /* UIView+CornerRadius.m */ = {isa = PBXFileReference; fileEncoding = 4; lastKnownFileType = sourcecode.c.objc; path = "UIView+CornerRadius.m"; sourceTree = "<group>"; };
		12809BA91C816806004FE7AD /* XIBConfiViewController.h */ = {isa = PBXFileReference; fileEncoding = 4; lastKnownFileType = sourcecode.c.h; path = XIBConfiViewController.h; sourceTree = "<group>"; };
		12809BAA1C816806004FE7AD /* XIBConfiViewController.m */ = {isa = PBXFileReference; fileEncoding = 4; lastKnownFileType = sourcecode.c.objc; path = XIBConfiViewController.m; sourceTree = "<group>"; };
		12809BAB1C816806004FE7AD /* XIBConfiViewController.xib */ = {isa = PBXFileReference; fileEncoding = 4; lastKnownFileType = file.xib; path = XIBConfiViewController.xib; sourceTree = "<group>"; };
		1287B5131F32CA2000FEAE44 /* YJScrollViewController.h */ = {isa = PBXFileReference; fileEncoding = 4; lastKnownFileType = sourcecode.c.h; name = YJScrollViewController.h; path = "scrollView交叉滑动/YJScrollViewController.h"; sourceTree = "<group>"; };
		1287B5141F32CA2000FEAE44 /* YJScrollViewController.m */ = {isa = PBXFileReference; fileEncoding = 4; lastKnownFileType = sourcecode.c.objc; name = YJScrollViewController.m; path = "scrollView交叉滑动/YJScrollViewController.m"; sourceTree = "<group>"; };
		1287B5161F32D1A700FEAE44 /* YJTestScrollView.h */ = {isa = PBXFileReference; fileEncoding = 4; lastKnownFileType = sourcecode.c.h; name = YJTestScrollView.h; path = "scrollView交叉滑动/YJTestScrollView.h"; sourceTree = "<group>"; };
		1287B5171F32D1A700FEAE44 /* YJTestScrollView.m */ = {isa = PBXFileReference; fileEncoding = 4; lastKnownFileType = sourcecode.c.objc; name = YJTestScrollView.m; path = "scrollView交叉滑动/YJTestScrollView.m"; sourceTree = "<group>"; };
		12E6601D1C560E6900524CE5 /* YJTest.app */ = {isa = PBXFileReference; explicitFileType = wrapper.application; includeInIndex = 0; path = YJTest.app; sourceTree = BUILT_PRODUCTS_DIR; };
		12E660211C560E6900524CE5 /* main.m */ = {isa = PBXFileReference; lastKnownFileType = sourcecode.c.objc; path = main.m; sourceTree = "<group>"; };
		12E660231C560E6900524CE5 /* AppDelegate.h */ = {isa = PBXFileReference; lastKnownFileType = sourcecode.c.h; path = AppDelegate.h; sourceTree = "<group>"; };
		12E660241C560E6900524CE5 /* AppDelegate.m */ = {isa = PBXFileReference; lastKnownFileType = sourcecode.c.objc; path = AppDelegate.m; sourceTree = "<group>"; };
		12E660261C560E6900524CE5 /* ViewController.h */ = {isa = PBXFileReference; lastKnownFileType = sourcecode.c.h; path = ViewController.h; sourceTree = "<group>"; };
		12E660271C560E6900524CE5 /* ViewController.m */ = {isa = PBXFileReference; lastKnownFileType = sourcecode.c.objc; path = ViewController.m; sourceTree = "<group>"; };
		12E6602C1C560E6900524CE5 /* Assets.xcassets */ = {isa = PBXFileReference; lastKnownFileType = folder.assetcatalog; path = Assets.xcassets; sourceTree = "<group>"; };
		12E6602F1C560E6900524CE5 /* Base */ = {isa = PBXFileReference; lastKnownFileType = file.storyboard; name = Base; path = Base.lproj/LaunchScreen.storyboard; sourceTree = "<group>"; };
		12E660311C560E6900524CE5 /* Info.plist */ = {isa = PBXFileReference; lastKnownFileType = text.plist.xml; path = Info.plist; sourceTree = "<group>"; };
		12E7056B1C819225003D732E /* YJScrollLabel.h */ = {isa = PBXFileReference; fileEncoding = 4; lastKnownFileType = sourcecode.c.h; path = YJScrollLabel.h; sourceTree = "<group>"; };
		12E7056C1C819225003D732E /* YJScrollLabel.m */ = {isa = PBXFileReference; fileEncoding = 4; lastKnownFileType = sourcecode.c.objc; path = YJScrollLabel.m; sourceTree = "<group>"; };
		12E7056E1C819237003D732E /* UIView+YJ.h */ = {isa = PBXFileReference; fileEncoding = 4; lastKnownFileType = sourcecode.c.h; path = "UIView+YJ.h"; sourceTree = "<group>"; };
		12E7056F1C819237003D732E /* UIView+YJ.m */ = {isa = PBXFileReference; fileEncoding = 4; lastKnownFileType = sourcecode.c.objc; path = "UIView+YJ.m"; sourceTree = "<group>"; };
		12E705711C8192C4003D732E /* YJScrollTextViewController.h */ = {isa = PBXFileReference; fileEncoding = 4; lastKnownFileType = sourcecode.c.h; path = YJScrollTextViewController.h; sourceTree = "<group>"; };
		12E705721C8192C4003D732E /* YJScrollTextViewController.m */ = {isa = PBXFileReference; fileEncoding = 4; lastKnownFileType = sourcecode.c.objc; path = YJScrollTextViewController.m; sourceTree = "<group>"; };
		12E705771C8199C6003D732E /* WXAnation.h */ = {isa = PBXFileReference; fileEncoding = 4; lastKnownFileType = sourcecode.c.h; path = WXAnation.h; sourceTree = "<group>"; };
		12E705781C8199C6003D732E /* WXAnation.m */ = {isa = PBXFileReference; fileEncoding = 4; lastKnownFileType = sourcecode.c.objc; path = WXAnation.m; sourceTree = "<group>"; };
		12E7057A1C819A2A003D732E /* AppleMapViewController.h */ = {isa = PBXFileReference; fileEncoding = 4; lastKnownFileType = sourcecode.c.h; path = AppleMapViewController.h; sourceTree = "<group>"; };
		12E7057B1C819A2A003D732E /* AppleMapViewController.m */ = {isa = PBXFileReference; fileEncoding = 4; lastKnownFileType = sourcecode.c.objc; path = AppleMapViewController.m; sourceTree = "<group>"; };
		12E7057C1C819A2A003D732E /* AppleMapViewController.xib */ = {isa = PBXFileReference; fileEncoding = 4; lastKnownFileType = file.xib; path = AppleMapViewController.xib; sourceTree = "<group>"; };
		12E7057F1C819CAC003D732E /* search.png */ = {isa = PBXFileReference; lastKnownFileType = image.png; path = search.png; sourceTree = "<group>"; };
		E41774B31D17F1DC001D4C7B /* YJCornerTestController.h */ = {isa = PBXFileReference; fileEncoding = 4; lastKnownFileType = sourcecode.c.h; name = YJCornerTestController.h; path = "圆角性能优化/YJCornerTestController.h"; sourceTree = "<group>"; };
		E41774B41D17F1DC001D4C7B /* YJCornerTestController.m */ = {isa = PBXFileReference; fileEncoding = 4; lastKnownFileType = sourcecode.c.objc; name = YJCornerTestController.m; path = "圆角性能优化/YJCornerTestController.m"; sourceTree = "<group>"; };
		E41774B61D17F232001D4C7B /* YJCornerCell.h */ = {isa = PBXFileReference; fileEncoding = 4; lastKnownFileType = sourcecode.c.h; name = YJCornerCell.h; path = "圆角性能优化/YJCornerCell.h"; sourceTree = "<group>"; };
		E41774B71D17F232001D4C7B /* YJCornerCell.m */ = {isa = PBXFileReference; fileEncoding = 4; lastKnownFileType = sourcecode.c.objc; name = YJCornerCell.m; path = "圆角性能优化/YJCornerCell.m"; sourceTree = "<group>"; };
		E41774B91D17FD72001D4C7B /* UIView+YJCorner.h */ = {isa = PBXFileReference; fileEncoding = 4; lastKnownFileType = sourcecode.c.h; name = "UIView+YJCorner.h"; path = "圆角性能优化/UIView+YJCorner.h"; sourceTree = "<group>"; };
		E41774BA1D17FD72001D4C7B /* UIView+YJCorner.m */ = {isa = PBXFileReference; fileEncoding = 4; lastKnownFileType = sourcecode.c.objc; name = "UIView+YJCorner.m"; path = "圆角性能优化/UIView+YJCorner.m"; sourceTree = "<group>"; };
		E4244E771D12FE6000A1A0A6 /* YJTestFrameViewController.h */ = {isa = PBXFileReference; fileEncoding = 4; lastKnownFileType = sourcecode.c.h; name = YJTestFrameViewController.h; path = "测试viewWillAPear时view的frame变化/YJTestFrameViewController.h"; sourceTree = "<group>"; };
		E4244E781D12FE6000A1A0A6 /* YJTestFrameViewController.m */ = {isa = PBXFileReference; fileEncoding = 4; lastKnownFileType = sourcecode.c.objc; name = YJTestFrameViewController.m; path = "测试viewWillAPear时view的frame变化/YJTestFrameViewController.m"; sourceTree = "<group>"; };
		E4244E7D1D12FF7900A1A0A6 /* YJTestFrameTabarController.h */ = {isa = PBXFileReference; fileEncoding = 4; lastKnownFileType = sourcecode.c.h; name = YJTestFrameTabarController.h; path = "测试viewWillAPear时view的frame变化/YJTestFrameTabarController.h"; sourceTree = "<group>"; };
		E4244E7E1D12FF7900A1A0A6 /* YJTestFrameTabarController.m */ = {isa = PBXFileReference; fileEncoding = 4; lastKnownFileType = sourcecode.c.objc; name = YJTestFrameTabarController.m; path = "测试viewWillAPear时view的frame变化/YJTestFrameTabarController.m"; sourceTree = "<group>"; };
		E4244E801D13000200A1A0A6 /* YJTestFrame_AController.h */ = {isa = PBXFileReference; fileEncoding = 4; lastKnownFileType = sourcecode.c.h; name = YJTestFrame_AController.h; path = "测试viewWillAPear时view的frame变化/YJTestFrame_AController.h"; sourceTree = "<group>"; };
		E4244E811D13000200A1A0A6 /* YJTestFrame_AController.m */ = {isa = PBXFileReference; fileEncoding = 4; lastKnownFileType = sourcecode.c.objc; name = YJTestFrame_AController.m; path = "测试viewWillAPear时view的frame变化/YJTestFrame_AController.m"; sourceTree = "<group>"; };
		E4244E831D13003300A1A0A6 /* YJTestFrame_BController.h */ = {isa = PBXFileReference; fileEncoding = 4; lastKnownFileType = sourcecode.c.h; name = YJTestFrame_BController.h; path = "测试viewWillAPear时view的frame变化/YJTestFrame_BController.h"; sourceTree = "<group>"; };
		E4244E841D13003300A1A0A6 /* YJTestFrame_BController.m */ = {isa = PBXFileReference; fileEncoding = 4; lastKnownFileType = sourcecode.c.objc; name = YJTestFrame_BController.m; path = "测试viewWillAPear时view的frame变化/YJTestFrame_BController.m"; sourceTree = "<group>"; };
		E4244E861D13005F00A1A0A6 /* YJTestFrame_CController.h */ = {isa = PBXFileReference; fileEncoding = 4; lastKnownFileType = sourcecode.c.h; name = YJTestFrame_CController.h; path = "测试viewWillAPear时view的frame变化/YJTestFrame_CController.h"; sourceTree = "<group>"; };
		E4244E871D13005F00A1A0A6 /* YJTestFrame_CController.m */ = {isa = PBXFileReference; fileEncoding = 4; lastKnownFileType = sourcecode.c.objc; name = YJTestFrame_CController.m; path = "测试viewWillAPear时view的frame变化/YJTestFrame_CController.m"; sourceTree = "<group>"; };
		E4244E891D13007600A1A0A6 /* YJTestFrame_DController.h */ = {isa = PBXFileReference; fileEncoding = 4; lastKnownFileType = sourcecode.c.h; name = YJTestFrame_DController.h; path = "测试viewWillAPear时view的frame变化/YJTestFrame_DController.h"; sourceTree = "<group>"; };
		E4244E8A1D13007600A1A0A6 /* YJTestFrame_DController.m */ = {isa = PBXFileReference; fileEncoding = 4; lastKnownFileType = sourcecode.c.objc; name = YJTestFrame_DController.m; path = "测试viewWillAPear时view的frame变化/YJTestFrame_DController.m"; sourceTree = "<group>"; };
		E4244E8C1D1300A100A1A0A6 /* YJTestFrame_A_AController.h */ = {isa = PBXFileReference; fileEncoding = 4; lastKnownFileType = sourcecode.c.h; name = YJTestFrame_A_AController.h; path = "测试viewWillAPear时view的frame变化/YJTestFrame_A_AController.h"; sourceTree = "<group>"; };
		E4244E8D1D1300A100A1A0A6 /* YJTestFrame_A_AController.m */ = {isa = PBXFileReference; fileEncoding = 4; lastKnownFileType = sourcecode.c.objc; name = YJTestFrame_A_AController.m; path = "测试viewWillAPear时view的frame变化/YJTestFrame_A_AController.m"; sourceTree = "<group>"; };
		E43FE66A1D09D7CB00783055 /* YJSearchResultController.h */ = {isa = PBXFileReference; fileEncoding = 4; lastKnownFileType = sourcecode.c.h; name = YJSearchResultController.h; path = searchController/YJSearchResultController.h; sourceTree = "<group>"; };
		E43FE66B1D09D7CB00783055 /* YJSearchResultController.m */ = {isa = PBXFileReference; fileEncoding = 4; lastKnownFileType = sourcecode.c.objc; name = YJSearchResultController.m; path = searchController/YJSearchResultController.m; sourceTree = "<group>"; };
		E43FE66C1D09D7CB00783055 /* YJSearchResultController.xib */ = {isa = PBXFileReference; fileEncoding = 4; lastKnownFileType = file.xib; name = YJSearchResultController.xib; path = searchController/YJSearchResultController.xib; sourceTree = "<group>"; };
		E43FE66F1D0C360F00783055 /* YJSearchController.h */ = {isa = PBXFileReference; fileEncoding = 4; lastKnownFileType = sourcecode.c.h; name = YJSearchController.h; path = searchController/YJSearchController.h; sourceTree = "<group>"; };
		E43FE6701D0C360F00783055 /* YJSearchController.m */ = {isa = PBXFileReference; fileEncoding = 4; lastKnownFileType = sourcecode.c.objc; name = YJSearchController.m; path = searchController/YJSearchController.m; sourceTree = "<group>"; };
		E43FE67A1D0C3BCE00783055 /* StatisticKit.h */ = {isa = PBXFileReference; fileEncoding = 4; lastKnownFileType = sourcecode.c.h; name = StatisticKit.h; path = "统计加定时上传模块/StatisticKit.h"; sourceTree = "<group>"; };
		E43FE67B1D0C3BCE00783055 /* StatisticKit.m */ = {isa = PBXFileReference; fileEncoding = 4; lastKnownFileType = sourcecode.c.objc; name = StatisticKit.m; path = "统计加定时上传模块/StatisticKit.m"; sourceTree = "<group>"; };
		E43FE67C1D0C3BCE00783055 /* StatisticManager.h */ = {isa = PBXFileReference; fileEncoding = 4; lastKnownFileType = sourcecode.c.h; name = StatisticManager.h; path = "统计加定时上传模块/StatisticManager.h"; sourceTree = "<group>"; };
		E43FE67D1D0C3BCE00783055 /* StatisticManager.m */ = {isa = PBXFileReference; fileEncoding = 4; lastKnownFileType = sourcecode.c.objc; name = StatisticManager.m; path = "统计加定时上传模块/StatisticManager.m"; sourceTree = "<group>"; };
		E43FE6801D0C3C5A00783055 /* YJStatisticController.h */ = {isa = PBXFileReference; fileEncoding = 4; lastKnownFileType = sourcecode.c.h; name = YJStatisticController.h; path = "统计加定时上传模块/YJStatisticController.h"; sourceTree = "<group>"; };
		E43FE6811D0C3C5A00783055 /* YJStatisticController.m */ = {isa = PBXFileReference; fileEncoding = 4; lastKnownFileType = sourcecode.c.objc; name = YJStatisticController.m; path = "统计加定时上传模块/YJStatisticController.m"; sourceTree = "<group>"; };
		E43FE6821D0C3C5A00783055 /* YJStatisticController.xib */ = {isa = PBXFileReference; fileEncoding = 4; lastKnownFileType = file.xib; name = YJStatisticController.xib; path = "统计加定时上传模块/YJStatisticController.xib"; sourceTree = "<group>"; };
		E43FE6941D0DC5AF00783055 /* KeychainTestController.h */ = {isa = PBXFileReference; fileEncoding = 4; lastKnownFileType = sourcecode.c.h; name = KeychainTestController.h; path = "Keychain 保存UUID/KeychainTestController.h"; sourceTree = "<group>"; };
		E43FE6951D0DC5AF00783055 /* KeychainTestController.m */ = {isa = PBXFileReference; fileEncoding = 4; lastKnownFileType = sourcecode.c.objc; name = KeychainTestController.m; path = "Keychain 保存UUID/KeychainTestController.m"; sourceTree = "<group>"; };
		E43FE6961D0DC5AF00783055 /* KeychainTestController.xib */ = {isa = PBXFileReference; fileEncoding = 4; lastKnownFileType = file.xib; name = KeychainTestController.xib; path = "Keychain 保存UUID/KeychainTestController.xib"; sourceTree = "<group>"; };
		E43FE6991D0DC60200783055 /* YJKeychain.h */ = {isa = PBXFileReference; fileEncoding = 4; lastKnownFileType = sourcecode.c.h; name = YJKeychain.h; path = "Keychain 保存UUID/YJKeychain.h"; sourceTree = "<group>"; };
		E43FE69A1D0DC60200783055 /* YJKeychain.m */ = {isa = PBXFileReference; fileEncoding = 4; lastKnownFileType = sourcecode.c.objc; name = YJKeychain.m; path = "Keychain 保存UUID/YJKeychain.m"; sourceTree = "<group>"; };
		E449FDB61D354BF600ACDEAF /* SearchMainTabController.h */ = {isa = PBXFileReference; fileEncoding = 4; lastKnownFileType = sourcecode.c.h; name = SearchMainTabController.h; path = "子控制器searchController/SearchMainTabController.h"; sourceTree = "<group>"; };
		E449FDB71D354BF600ACDEAF /* SearchMainTabController.m */ = {isa = PBXFileReference; fileEncoding = 4; lastKnownFileType = sourcecode.c.objc; name = SearchMainTabController.m; path = "子控制器searchController/SearchMainTabController.m"; sourceTree = "<group>"; };
		E449FDB91D354CB500ACDEAF /* SearchControllerA.h */ = {isa = PBXFileReference; fileEncoding = 4; lastKnownFileType = sourcecode.c.h; name = SearchControllerA.h; path = "子控制器searchController/SearchControllerA.h"; sourceTree = "<group>"; };
		E449FDBA1D354CB500ACDEAF /* SearchControllerA.m */ = {isa = PBXFileReference; fileEncoding = 4; lastKnownFileType = sourcecode.c.objc; name = SearchControllerA.m; path = "子控制器searchController/SearchControllerA.m"; sourceTree = "<group>"; };
		E449FDBC1D354CDB00ACDEAF /* SearchControllerB.h */ = {isa = PBXFileReference; fileEncoding = 4; lastKnownFileType = sourcecode.c.h; name = SearchControllerB.h; path = "子控制器searchController/SearchControllerB.h"; sourceTree = "<group>"; };
		E449FDBD1D354CDB00ACDEAF /* SearchControllerB.m */ = {isa = PBXFileReference; fileEncoding = 4; lastKnownFileType = sourcecode.c.objc; name = SearchControllerB.m; path = "子控制器searchController/SearchControllerB.m"; sourceTree = "<group>"; };
		E449FDBF1D354D3000ACDEAF /* SearchResultController.h */ = {isa = PBXFileReference; fileEncoding = 4; lastKnownFileType = sourcecode.c.h; name = SearchResultController.h; path = "子控制器searchController/SearchResultController.h"; sourceTree = "<group>"; };
		E449FDC01D354D3000ACDEAF /* SearchResultController.m */ = {isa = PBXFileReference; fileEncoding = 4; lastKnownFileType = sourcecode.c.objc; name = SearchResultController.m; path = "子控制器searchController/SearchResultController.m"; sourceTree = "<group>"; };
		E470CC461D2D646800C5265E /* KVOTestController.h */ = {isa = PBXFileReference; fileEncoding = 4; lastKnownFileType = sourcecode.c.h; name = KVOTestController.h; path = "KVO测试/KVOTestController.h"; sourceTree = "<group>"; };
		E470CC471D2D646800C5265E /* KVOTestController.m */ = {isa = PBXFileReference; fileEncoding = 4; lastKnownFileType = sourcecode.c.objc; name = KVOTestController.m; path = "KVO测试/KVOTestController.m"; sourceTree = "<group>"; };
		E470CC491D2D648C00C5265E /* KVOButton.h */ = {isa = PBXFileReference; fileEncoding = 4; lastKnownFileType = sourcecode.c.h; name = KVOButton.h; path = "KVO测试/KVOButton.h"; sourceTree = "<group>"; };
		E470CC4A1D2D648C00C5265E /* KVOButton.m */ = {isa = PBXFileReference; fileEncoding = 4; lastKnownFileType = sourcecode.c.objc; name = KVOButton.m; path = "KVO测试/KVOButton.m"; sourceTree = "<group>"; };
		E470CC4C1D2D6B8A00C5265E /* UIView+DDAddition.h */ = {isa = PBXFileReference; fileEncoding = 4; lastKnownFileType = sourcecode.c.h; name = "UIView+DDAddition.h"; path = "KVO测试/UIView+DDAddition.h"; sourceTree = "<group>"; };
		E470CC4D1D2D6B8A00C5265E /* UIView+DDAddition.m */ = {isa = PBXFileReference; fileEncoding = 4; lastKnownFileType = sourcecode.c.objc; name = "UIView+DDAddition.m"; path = "KVO测试/UIView+DDAddition.m"; sourceTree = "<group>"; };
		E4F6E4291D61C92B002F7C52 /* WQLPaoMaView.h */ = {isa = PBXFileReference; fileEncoding = 4; lastKnownFileType = sourcecode.c.h; path = WQLPaoMaView.h; sourceTree = "<group>"; };
		E4F6E42A1D61C92B002F7C52 /* WQLPaoMaView.m */ = {isa = PBXFileReference; fileEncoding = 4; lastKnownFileType = sourcecode.c.objc; path = WQLPaoMaView.m; sourceTree = "<group>"; };
/* End PBXFileReference section */

/* Begin PBXFrameworksBuildPhase section */
		12E6601A1C560E6900524CE5 /* Frameworks */ = {
			isa = PBXFrameworksBuildPhase;
			buildActionMask = 2147483647;
			files = (
			);
			runOnlyForDeploymentPostprocessing = 0;
		};
/* End PBXFrameworksBuildPhase section */

/* Begin PBXGroup section */
		0422C79B1CF56EE30002D0E4 /* RunTime */ = {
			isa = PBXGroup;
			children = (
				0422C79F1CF56FC40002D0E4 /* RuntimeController.h */,
				0422C7A01CF56FC40002D0E4 /* RuntimeController.m */,
				04A237291D93C53B0091C788 /* UIView+CornerBorder.h */,
				04A2372A1D93C53B0091C788 /* UIView+CornerBorder.m */,
				0422C7A21CF570900002D0E4 /* Person.h */,
				0422C7A31CF570900002D0E4 /* Person.m */,
				0422C7A81CF57D3B0002D0E4 /* UIImage+Image.h */,
				0422C7A91CF57D3B0002D0E4 /* UIImage+Image.m */,
				0422C7AB1CF587210002D0E4 /* NSObject+Property.h */,
				0422C7AC1CF587210002D0E4 /* NSObject+Property.m */,
			);
			name = RunTime;
			sourceTree = "<group>";
		};
		0477228B1EFE58F8001641BC /* GCD练习 */ = {
			isa = PBXGroup;
			children = (
				0477228C1EFE9D12001641BC /* GCDTestViewController.h */,
				0477228D1EFE9D12001641BC /* GCDTestViewController.m */,
			);
			name = "GCD练习";
			sourceTree = "<group>";
		};
		0477228F1EFE9D7B001641BC /* Runloop练习 */ = {
			isa = PBXGroup;
			children = (
				047722901EFE9DC2001641BC /* RunloopTestController.h */,
				047722911EFE9DC2001641BC /* RunloopTestController.m */,
			);
			name = "Runloop练习";
			sourceTree = "<group>";
		};
		047722931F001119001641BC /* HTTP_TCP_UDP */ = {
			isa = PBXGroup;
			children = (
				047722941F001154001641BC /* HTTPTestController.h */,
				047722951F001154001641BC /* HTTPTestController.m */,
			);
			name = HTTP_TCP_UDP;
			sourceTree = "<group>";
		};
		1215BEC21F31D8CA006929E3 /* synthesize属性 */ = {
			isa = PBXGroup;
			children = (
				1215BEC31F31D941006929E3 /* YJ_synthesize_test_VCViewController.h */,
				1215BEC41F31D941006929E3 /* YJ_synthesize_test_VCViewController.mm */,
			);
			name = "synthesize属性";
			sourceTree = "<group>";
		};
		124C807D1C81738D00CDBAF2 /* XIB 0.5线条 */ = {
			isa = PBXGroup;
			children = (
				124C80831C8178A300CDBAF2 /* Line.h */,
				124C80841C8178A300CDBAF2 /* Line.m */,
				124C80861C81816200CDBAF2 /* UIView+Line.h */,
				124C80871C81816200CDBAF2 /* UIView+Line.m */,
				124C807E1C81774500CDBAF2 /* XIBLineViewController.h */,
				124C807F1C81774500CDBAF2 /* XIBLineViewController.m */,
				124C80801C81774500CDBAF2 /* XIBLineViewController.xib */,
			);
			name = "XIB 0.5线条";
			sourceTree = "<group>";
		};
		127A6B571C840C2200854A38 /* 自定义页面切换转场动画 */ = {
			isa = PBXGroup;
			children = (
				127A6B581C840D0700854A38 /* VCExchangeViewController.h */,
				127A6B591C840D0700854A38 /* VCExchangeViewController.m */,
				127A6B5A1C840D0700854A38 /* VCExchangeViewController.xib */,
				127A6B5D1C84259800854A38 /* VCEchange_A.h */,
				127A6B5E1C84259800854A38 /* VCEchange_A.m */,
				127A6B5F1C84259800854A38 /* VCEchange_A.xib */,
				127A6B621C8425C100854A38 /* VCExchange_B.h */,
				127A6B631C8425C100854A38 /* VCExchange_B.m */,
				127A6B641C8425C100854A38 /* VCExchange_B.xib */,
			);
			name = "自定义页面切换转场动画";
			sourceTree = "<group>";
		};
		12809B9E1C815409004FE7AD /* lastViewController 引用 */ = {
			isa = PBXGroup;
			children = (
				127629F61C57046F007EFF40 /* YJTestViewController.h */,
				127629F71C57046F007EFF40 /* YJTestViewController.m */,
				127629F91C571B21007EFF40 /* YJTestButton.h */,
				127629FA1C571B21007EFF40 /* YJTestButton.m */,
			);
			name = "lastViewController 引用";
			sourceTree = "<group>";
		};
		12809B9F1C81543D004FE7AD /* XIB 圆角 */ = {
			isa = PBXGroup;
			children = (
				124C807A1C816B5100CDBAF2 /* NewView.h */,
				124C807B1C816B5100CDBAF2 /* NewView.m */,
				04C0CB111F1E6663003F5DC1 /* NewView.xib */,
				045E067E1F1E69D100D8E693 /* Bass_Button.h */,
				045E067F1F1E69D100D8E693 /* Bass_Button.m */,
				12809BA01C8156B2004FE7AD /* UIView+CornerRadius.h */,
				040DF9951F1E772600787446 /* BassButton2.h */,
				040DF9961F1E772600787446 /* BassButton2.m */,
				12809BA11C8156B2004FE7AD /* UIView+CornerRadius.m */,
				12809BA91C816806004FE7AD /* XIBConfiViewController.h */,
				12809BAA1C816806004FE7AD /* XIBConfiViewController.m */,
				12809BAB1C816806004FE7AD /* XIBConfiViewController.xib */,
			);
			name = "XIB 圆角";
			sourceTree = "<group>";
		};
		1287B5121F32C93E00FEAE44 /* scrollView 交叉滑动 */ = {
			isa = PBXGroup;
			children = (
				1287B5131F32CA2000FEAE44 /* YJScrollViewController.h */,
				1287B5141F32CA2000FEAE44 /* YJScrollViewController.m */,
				1287B5161F32D1A700FEAE44 /* YJTestScrollView.h */,
				1287B5171F32D1A700FEAE44 /* YJTestScrollView.m */,
			);
			name = "scrollView 交叉滑动";
			sourceTree = "<group>";
		};
		12E660141C560E6800524CE5 = {
			isa = PBXGroup;
			children = (
				12E6601F1C560E6900524CE5 /* YJTest */,
				12E6601E1C560E6900524CE5 /* Products */,
			);
			sourceTree = "<group>";
		};
		12E6601E1C560E6900524CE5 /* Products */ = {
			isa = PBXGroup;
			children = (
				12E6601D1C560E6900524CE5 /* YJTest.app */,
			);
			name = Products;
			sourceTree = "<group>";
		};
		12E6601F1C560E6900524CE5 /* YJTest */ = {
			isa = PBXGroup;
			children = (
				12E660231C560E6900524CE5 /* AppDelegate.h */,
				12E660241C560E6900524CE5 /* AppDelegate.m */,
				12E660261C560E6900524CE5 /* ViewController.h */,
				12E660271C560E6900524CE5 /* ViewController.m */,
				1287B5121F32C93E00FEAE44 /* scrollView 交叉滑动 */,
				1215BEC21F31D8CA006929E3 /* synthesize属性 */,
				125E17D91F2ED3420062B42A /* 网络动图加载 */,
				047722931F001119001641BC /* HTTP_TCP_UDP */,
				0477228F1EFE9D7B001641BC /* Runloop练习 */,
				0477228B1EFE58F8001641BC /* GCD练习 */,
				E449FDB51D354B1700ACDEAF /* 子控制器searchController */,
				E470CC451D2D641A00C5265E /* KVO测试 */,
				E41774B21D17F17D001D4C7B /* 圆角性能优化 */,
				E4244E761D12FDD900A1A0A6 /* 测试viewWillAPear时view的frame变化 */,
				E43FE6931D0DC4DB00783055 /* Keychain 保存UUID */,
				E43FE6641D09D62A00783055 /* searchController */,
				0422C79B1CF56EE30002D0E4 /* RunTime */,
				127A6B571C840C2200854A38 /* 自定义页面切换转场动画 */,
				12E705761C81997C003D732E /* 苹果系统地图 */,
				12E7056A1C818F4E003D732E /* 跑马灯 */,
				124C807D1C81738D00CDBAF2 /* XIB 0.5线条 */,
				12809B9F1C81543D004FE7AD /* XIB 圆角 */,
				12809B9E1C815409004FE7AD /* lastViewController 引用 */,
				E43FE6741D0C3ACD00783055 /* 统计加定时上传模块 */,
				12E6602C1C560E6900524CE5 /* Assets.xcassets */,
				12E6602E1C560E6900524CE5 /* LaunchScreen.storyboard */,
				12E660311C560E6900524CE5 /* Info.plist */,
				12E660201C560E6900524CE5 /* Supporting Files */,
			);
			path = YJTest;
			sourceTree = "<group>";
		};
		12E660201C560E6900524CE5 /* Supporting Files */ = {
			isa = PBXGroup;
			children = (
				12E660211C560E6900524CE5 /* main.m */,
			);
			name = "Supporting Files";
			sourceTree = "<group>";
		};
		12E7056A1C818F4E003D732E /* 跑马灯 */ = {
			isa = PBXGroup;
			children = (
				12E7056E1C819237003D732E /* UIView+YJ.h */,
				12E7056F1C819237003D732E /* UIView+YJ.m */,
				12E7056B1C819225003D732E /* YJScrollLabel.h */,
				12E7056C1C819225003D732E /* YJScrollLabel.m */,
				E4F6E4291D61C92B002F7C52 /* WQLPaoMaView.h */,
				E4F6E42A1D61C92B002F7C52 /* WQLPaoMaView.m */,
				12E705711C8192C4003D732E /* YJScrollTextViewController.h */,
				12E705721C8192C4003D732E /* YJScrollTextViewController.m */,
			);
			name = "跑马灯";
			sourceTree = "<group>";
		};
		12E705761C81997C003D732E /* 苹果系统地图 */ = {
			isa = PBXGroup;
			children = (
				12E7057F1C819CAC003D732E /* search.png */,
				12E705771C8199C6003D732E /* WXAnation.h */,
				12E705781C8199C6003D732E /* WXAnation.m */,
				12E7057A1C819A2A003D732E /* AppleMapViewController.h */,
				12E7057B1C819A2A003D732E /* AppleMapViewController.m */,
				12E7057C1C819A2A003D732E /* AppleMapViewController.xib */,
			);
			name = "苹果系统地图";
			sourceTree = "<group>";
		};
		E41774B21D17F17D001D4C7B /* 圆角性能优化 */ = {
			isa = PBXGroup;
			children = (
				E41774B31D17F1DC001D4C7B /* YJCornerTestController.h */,
				E41774B41D17F1DC001D4C7B /* YJCornerTestController.m */,
				E41774B61D17F232001D4C7B /* YJCornerCell.h */,
				E41774B71D17F232001D4C7B /* YJCornerCell.m */,
				E41774B91D17FD72001D4C7B /* UIView+YJCorner.h */,
				E41774BA1D17FD72001D4C7B /* UIView+YJCorner.m */,
			);
			name = "圆角性能优化";
			sourceTree = "<group>";
		};
		E4244E761D12FDD900A1A0A6 /* 测试viewWillAPear时view的frame变化 */ = {
			isa = PBXGroup;
			children = (
				E4244E771D12FE6000A1A0A6 /* YJTestFrameViewController.h */,
				E4244E781D12FE6000A1A0A6 /* YJTestFrameViewController.m */,
				E4244E7D1D12FF7900A1A0A6 /* YJTestFrameTabarController.h */,
				E4244E7E1D12FF7900A1A0A6 /* YJTestFrameTabarController.m */,
				E4244E801D13000200A1A0A6 /* YJTestFrame_AController.h */,
				E4244E811D13000200A1A0A6 /* YJTestFrame_AController.m */,
				E4244E831D13003300A1A0A6 /* YJTestFrame_BController.h */,
				E4244E841D13003300A1A0A6 /* YJTestFrame_BController.m */,
				E4244E861D13005F00A1A0A6 /* YJTestFrame_CController.h */,
				E4244E871D13005F00A1A0A6 /* YJTestFrame_CController.m */,
				E4244E891D13007600A1A0A6 /* YJTestFrame_DController.h */,
				E4244E8A1D13007600A1A0A6 /* YJTestFrame_DController.m */,
				E4244E8C1D1300A100A1A0A6 /* YJTestFrame_A_AController.h */,
				E4244E8D1D1300A100A1A0A6 /* YJTestFrame_A_AController.m */,
			);
			name = "测试viewWillAPear时view的frame变化";
			sourceTree = "<group>";
		};
		E43FE6641D09D62A00783055 /* searchController */ = {
			isa = PBXGroup;
			children = (
				E43FE66F1D0C360F00783055 /* YJSearchController.h */,
				E43FE6701D0C360F00783055 /* YJSearchController.m */,
				E43FE66A1D09D7CB00783055 /* YJSearchResultController.h */,
				E43FE66B1D09D7CB00783055 /* YJSearchResultController.m */,
				E43FE66C1D09D7CB00783055 /* YJSearchResultController.xib */,
			);
			name = searchController;
			sourceTree = "<group>";
		};
		E43FE6741D0C3ACD00783055 /* 统计加定时上传模块 */ = {
			isa = PBXGroup;
			children = (
				E43FE67A1D0C3BCE00783055 /* StatisticKit.h */,
				E43FE67B1D0C3BCE00783055 /* StatisticKit.m */,
				E43FE67C1D0C3BCE00783055 /* StatisticManager.h */,
				E43FE67D1D0C3BCE00783055 /* StatisticManager.m */,
				E43FE6801D0C3C5A00783055 /* YJStatisticController.h */,
				E43FE6811D0C3C5A00783055 /* YJStatisticController.m */,
				E43FE6821D0C3C5A00783055 /* YJStatisticController.xib */,
			);
			name = "统计加定时上传模块";
			sourceTree = "<group>";
		};
		E43FE6931D0DC4DB00783055 /* Keychain 保存UUID */ = {
			isa = PBXGroup;
			children = (
				E43FE6941D0DC5AF00783055 /* KeychainTestController.h */,
				E43FE6951D0DC5AF00783055 /* KeychainTestController.m */,
				E43FE6961D0DC5AF00783055 /* KeychainTestController.xib */,
				E43FE6991D0DC60200783055 /* YJKeychain.h */,
				E43FE69A1D0DC60200783055 /* YJKeychain.m */,
			);
			name = "Keychain 保存UUID";
			sourceTree = "<group>";
		};
		E449FDB51D354B1700ACDEAF /* 子控制器searchController */ = {
			isa = PBXGroup;
			children = (
				E449FDB61D354BF600ACDEAF /* SearchMainTabController.h */,
				E449FDB71D354BF600ACDEAF /* SearchMainTabController.m */,
				E449FDB91D354CB500ACDEAF /* SearchControllerA.h */,
				E449FDBA1D354CB500ACDEAF /* SearchControllerA.m */,
				E449FDBC1D354CDB00ACDEAF /* SearchControllerB.h */,
				E449FDBD1D354CDB00ACDEAF /* SearchControllerB.m */,
				E449FDBF1D354D3000ACDEAF /* SearchResultController.h */,
				E449FDC01D354D3000ACDEAF /* SearchResultController.m */,
			);
			name = "子控制器searchController";
			sourceTree = "<group>";
		};
		E470CC451D2D641A00C5265E /* KVO测试 */ = {
			isa = PBXGroup;
			children = (
				E470CC4C1D2D6B8A00C5265E /* UIView+DDAddition.h */,
				E470CC4D1D2D6B8A00C5265E /* UIView+DDAddition.m */,
				E470CC461D2D646800C5265E /* KVOTestController.h */,
				E470CC471D2D646800C5265E /* KVOTestController.m */,
				E470CC491D2D648C00C5265E /* KVOButton.h */,
				E470CC4A1D2D648C00C5265E /* KVOButton.m */,
			);
			name = "KVO测试";
			sourceTree = "<group>";
		};
/* End PBXGroup section */

/* Begin PBXNativeTarget section */
		12E6601C1C560E6900524CE5 /* YJTest */ = {
			isa = PBXNativeTarget;
			buildConfigurationList = 12E660341C560E6900524CE5 /* Build configuration list for PBXNativeTarget "YJTest" */;
			buildPhases = (
				12E660191C560E6900524CE5 /* Sources */,
				12E6601A1C560E6900524CE5 /* Frameworks */,
				12E6601B1C560E6900524CE5 /* Resources */,
			);
			buildRules = (
			);
			dependencies = (
			);
			name = YJTest;
			productName = YJTest;
			productReference = 12E6601D1C560E6900524CE5 /* YJTest.app */;
			productType = "com.apple.product-type.application";
		};
/* End PBXNativeTarget section */

/* Begin PBXProject section */
		12E660151C560E6800524CE5 /* Project object */ = {
			isa = PBXProject;
			attributes = {
				LastUpgradeCheck = 0720;
				ORGANIZATIONNAME = zyc;
				TargetAttributes = {
					12E6601C1C560E6900524CE5 = {
						CreatedOnToolsVersion = 7.2;
						DevelopmentTeam = 6PG2TK7KJ6;
					};
				};
			};
			buildConfigurationList = 12E660181C560E6800524CE5 /* Build configuration list for PBXProject "YJTest" */;
			compatibilityVersion = "Xcode 3.2";
			developmentRegion = English;
			hasScannedForEncodings = 0;
			knownRegions = (
				en,
				Base,
			);
			mainGroup = 12E660141C560E6800524CE5;
			productRefGroup = 12E6601E1C560E6900524CE5 /* Products */;
			projectDirPath = "";
			projectRoot = "";
			targets = (
				12E6601C1C560E6900524CE5 /* YJTest */,
			);
		};
/* End PBXProject section */

/* Begin PBXResourcesBuildPhase section */
		12E6601B1C560E6900524CE5 /* Resources */ = {
			isa = PBXResourcesBuildPhase;
			buildActionMask = 2147483647;
			files = (
				E43FE6841D0C3C5A00783055 /* YJStatisticController.xib in Resources */,
				127A6B661C8425C100854A38 /* VCExchange_B.xib in Resources */,
				127A6B5C1C840D0700854A38 /* VCExchangeViewController.xib in Resources */,
				E43FE6981D0DC5AF00783055 /* KeychainTestController.xib in Resources */,
				124C80821C81774500CDBAF2 /* XIBLineViewController.xib in Resources */,
				12E705801C819CAC003D732E /* search.png in Resources */,
				12809BAD1C816806004FE7AD /* XIBConfiViewController.xib in Resources */,
				127A6B611C84259800854A38 /* VCEchange_A.xib in Resources */,
				04C0CB121F1E6663003F5DC1 /* NewView.xib in Resources */,
				E43FE66E1D09D7CB00783055 /* YJSearchResultController.xib in Resources */,
				12E7057E1C819A2A003D732E /* AppleMapViewController.xib in Resources */,
				12E660301C560E6900524CE5 /* LaunchScreen.storyboard in Resources */,
				125E17DA1F2ED3420062B42A /* 网络动图加载 in Resources */,
				12E6602D1C560E6900524CE5 /* Assets.xcassets in Resources */,
			);
			runOnlyForDeploymentPostprocessing = 0;
		};
/* End PBXResourcesBuildPhase section */

/* Begin PBXSourcesBuildPhase section */
		12E660191C560E6900524CE5 /* Sources */ = {
			isa = PBXSourcesBuildPhase;
			buildActionMask = 2147483647;
			files = (
				E470CC4E1D2D6B8A00C5265E /* UIView+DDAddition.m in Sources */,
				0477228E1EFE9D12001641BC /* GCDTestViewController.m in Sources */,
				E41774B81D17F232001D4C7B /* YJCornerCell.m in Sources */,
				12E7056D1C819225003D732E /* YJScrollLabel.m in Sources */,
				1215BEC51F31D941006929E3 /* YJ_synthesize_test_VCViewController.mm in Sources */,
				E43FE6831D0C3C5A00783055 /* YJStatisticController.m in Sources */,
				12E660281C560E6900524CE5 /* ViewController.m in Sources */,
				127A6B601C84259800854A38 /* VCEchange_A.m in Sources */,
				047722961F001154001641BC /* HTTPTestController.m in Sources */,
				E4F6E42B1D61C92B002F7C52 /* WQLPaoMaView.m in Sources */,
				1287B5181F32D1A700FEAE44 /* YJTestScrollView.m in Sources */,
				12E7057D1C819A2A003D732E /* AppleMapViewController.m in Sources */,
				12E705701C819237003D732E /* UIView+YJ.m in Sources */,
				12E705741C8192C4003D732E /* YJScrollTextViewController.m in Sources */,
				0422C7A11CF56FC40002D0E4 /* RuntimeController.m in Sources */,
				12E705791C8199C6003D732E /* WXAnation.m in Sources */,
				E4244E851D13003300A1A0A6 /* YJTestFrame_BController.m in Sources */,
				E43FE66D1D09D7CB00783055 /* YJSearchResultController.m in Sources */,
				E41774BB1D17FD72001D4C7B /* UIView+YJCorner.m in Sources */,
				E449FDB81D354BF600ACDEAF /* SearchMainTabController.m in Sources */,
				124C807C1C816B5100CDBAF2 /* NewView.m in Sources */,
				1287B5151F32CA2000FEAE44 /* YJScrollViewController.m in Sources */,
				0422C7A41CF570900002D0E4 /* Person.m in Sources */,
				E449FDC11D354D3000ACDEAF /* SearchResultController.m in Sources */,
				12809BA21C8156B2004FE7AD /* UIView+CornerRadius.m in Sources */,
				12E660251C560E6900524CE5 /* AppDelegate.m in Sources */,
				0422C7AD1CF587210002D0E4 /* NSObject+Property.m in Sources */,
				045E06801F1E69D100D8E693 /* Bass_Button.m in Sources */,
				124C80881C81816200CDBAF2 /* UIView+Line.m in Sources */,
				12E660221C560E6900524CE5 /* main.m in Sources */,
				124C80851C8178A300CDBAF2 /* Line.m in Sources */,
				0422C7AA1CF57D3B0002D0E4 /* UIImage+Image.m in Sources */,
				E449FDBE1D354CDB00ACDEAF /* SearchControllerB.m in Sources */,
				E4244E821D13000200A1A0A6 /* YJTestFrame_AController.m in Sources */,
				E4244E7F1D12FF7900A1A0A6 /* YJTestFrameTabarController.m in Sources */,
				E43FE6721D0C360F00783055 /* YJSearchController.m in Sources */,
				E4244E791D12FE6000A1A0A6 /* YJTestFrameViewController.m in Sources */,
				E43FE6971D0DC5AF00783055 /* KeychainTestController.m in Sources */,
				127629F81C57046F007EFF40 /* YJTestViewController.m in Sources */,
				E470CC481D2D646800C5265E /* KVOTestController.m in Sources */,
				124C80811C81774500CDBAF2 /* XIBLineViewController.m in Sources */,
				12809BAC1C816806004FE7AD /* XIBConfiViewController.m in Sources */,
				040DF9971F1E772600787446 /* BassButton2.m in Sources */,
				E43FE69B1D0DC60200783055 /* YJKeychain.m in Sources */,
				047722921EFE9DC2001641BC /* RunloopTestController.m in Sources */,
				E470CC4B1D2D648C00C5265E /* KVOButton.m in Sources */,
				04A2372B1D93C53B0091C788 /* UIView+CornerBorder.m in Sources */,
				E4244E8B1D13007600A1A0A6 /* YJTestFrame_DController.m in Sources */,
				127A6B5B1C840D0700854A38 /* VCExchangeViewController.m in Sources */,
				E41774B51D17F1DC001D4C7B /* YJCornerTestController.m in Sources */,
				127629FB1C571B21007EFF40 /* YJTestButton.m in Sources */,
				E449FDBB1D354CB500ACDEAF /* SearchControllerA.m in Sources */,
				127A6B651C8425C100854A38 /* VCExchange_B.m in Sources */,
				E4244E881D13005F00A1A0A6 /* YJTestFrame_CController.m in Sources */,
				E4244E8E1D1300A100A1A0A6 /* YJTestFrame_A_AController.m in Sources */,
				E43FE67F1D0C3BCE00783055 /* StatisticManager.m in Sources */,
				E43FE67E1D0C3BCE00783055 /* StatisticKit.m in Sources */,
			);
			runOnlyForDeploymentPostprocessing = 0;
		};
/* End PBXSourcesBuildPhase section */

/* Begin PBXVariantGroup section */
		12E6602E1C560E6900524CE5 /* LaunchScreen.storyboard */ = {
			isa = PBXVariantGroup;
			children = (
				12E6602F1C560E6900524CE5 /* Base */,
			);
			name = LaunchScreen.storyboard;
			sourceTree = "<group>";
		};
/* End PBXVariantGroup section */

/* Begin XCBuildConfiguration section */
		12E660321C560E6900524CE5 /* Debug */ = {
			isa = XCBuildConfiguration;
			buildSettings = {
				ALWAYS_SEARCH_USER_PATHS = NO;
				CLANG_CXX_LANGUAGE_STANDARD = "gnu++0x";
				CLANG_CXX_LIBRARY = "libc++";
				CLANG_ENABLE_MODULES = YES;
				CLANG_ENABLE_OBJC_ARC = YES;
				CLANG_WARN_BOOL_CONVERSION = YES;
				CLANG_WARN_CONSTANT_CONVERSION = YES;
				CLANG_WARN_DIRECT_OBJC_ISA_USAGE = YES_ERROR;
				CLANG_WARN_EMPTY_BODY = YES;
				CLANG_WARN_ENUM_CONVERSION = YES;
				CLANG_WARN_INT_CONVERSION = YES;
				CLANG_WARN_OBJC_ROOT_CLASS = YES_ERROR;
				CLANG_WARN_UNREACHABLE_CODE = YES;
				CLANG_WARN__DUPLICATE_METHOD_MATCH = YES;
				"CODE_SIGN_IDENTITY[sdk=iphoneos*]" = "iPhone Developer";
				COPY_PHASE_STRIP = NO;
				DEBUG_INFORMATION_FORMAT = dwarf;
				ENABLE_STRICT_OBJC_MSGSEND = NO;
				ENABLE_TESTABILITY = YES;
				GCC_C_LANGUAGE_STANDARD = gnu99;
				GCC_DYNAMIC_NO_PIC = NO;
				GCC_NO_COMMON_BLOCKS = YES;
				GCC_OPTIMIZATION_LEVEL = 0;
				GCC_PREPROCESSOR_DEFINITIONS = (
					"DEBUG=1",
					"$(inherited)",
				);
				GCC_WARN_64_TO_32_BIT_CONVERSION = YES;
				GCC_WARN_ABOUT_RETURN_TYPE = YES_ERROR;
				GCC_WARN_UNDECLARED_SELECTOR = YES;
				GCC_WARN_UNINITIALIZED_AUTOS = YES_AGGRESSIVE;
				GCC_WARN_UNUSED_FUNCTION = YES;
				GCC_WARN_UNUSED_VARIABLE = YES;
				IPHONEOS_DEPLOYMENT_TARGET = 9.2;
				MTL_ENABLE_DEBUG_INFO = YES;
				ONLY_ACTIVE_ARCH = YES;
				SDKROOT = iphoneos;
			};
			name = Debug;
		};
		12E660331C560E6900524CE5 /* Release */ = {
			isa = XCBuildConfiguration;
			buildSettings = {
				ALWAYS_SEARCH_USER_PATHS = NO;
				CLANG_CXX_LANGUAGE_STANDARD = "gnu++0x";
				CLANG_CXX_LIBRARY = "libc++";
				CLANG_ENABLE_MODULES = YES;
				CLANG_ENABLE_OBJC_ARC = YES;
				CLANG_WARN_BOOL_CONVERSION = YES;
				CLANG_WARN_CONSTANT_CONVERSION = YES;
				CLANG_WARN_DIRECT_OBJC_ISA_USAGE = YES_ERROR;
				CLANG_WARN_EMPTY_BODY = YES;
				CLANG_WARN_ENUM_CONVERSION = YES;
				CLANG_WARN_INT_CONVERSION = YES;
				CLANG_WARN_OBJC_ROOT_CLASS = YES_ERROR;
				CLANG_WARN_UNREACHABLE_CODE = YES;
				CLANG_WARN__DUPLICATE_METHOD_MATCH = YES;
				"CODE_SIGN_IDENTITY[sdk=iphoneos*]" = "iPhone Developer";
				COPY_PHASE_STRIP = NO;
				DEBUG_INFORMATION_FORMAT = "dwarf-with-dsym";
				ENABLE_NS_ASSERTIONS = NO;
				ENABLE_STRICT_OBJC_MSGSEND = NO;
				GCC_C_LANGUAGE_STANDARD = gnu99;
				GCC_NO_COMMON_BLOCKS = YES;
				GCC_WARN_64_TO_32_BIT_CONVERSION = YES;
				GCC_WARN_ABOUT_RETURN_TYPE = YES_ERROR;
				GCC_WARN_UNDECLARED_SELECTOR = YES;
				GCC_WARN_UNINITIALIZED_AUTOS = YES_AGGRESSIVE;
				GCC_WARN_UNUSED_FUNCTION = YES;
				GCC_WARN_UNUSED_VARIABLE = YES;
				IPHONEOS_DEPLOYMENT_TARGET = 9.2;
				MTL_ENABLE_DEBUG_INFO = NO;
				SDKROOT = iphoneos;
				VALIDATE_PRODUCT = YES;
			};
			name = Release;
		};
		12E660351C560E6900524CE5 /* Debug */ = {
			isa = XCBuildConfiguration;
			buildSettings = {
				ASSETCATALOG_COMPILER_APPICON_NAME = AppIcon;
				CODE_SIGN_IDENTITY = "iPhone Developer";
				"CODE_SIGN_IDENTITY[sdk=iphoneos*]" = "iPhone Developer";
				INFOPLIST_FILE = YJTest/Info.plist;
				IPHONEOS_DEPLOYMENT_TARGET = 8.1;
				LD_RUNPATH_SEARCH_PATHS = "$(inherited) @executable_path/Frameworks";
				PRODUCT_BUNDLE_IDENTIFIER = com.YJ.YJTest;
				PRODUCT_NAME = "$(TARGET_NAME)";
				PROVISIONING_PROFILE = "";
			};
			name = Debug;
		};
		12E660361C560E6900524CE5 /* Release */ = {
			isa = XCBuildConfiguration;
			buildSettings = {
				ASSETCATALOG_COMPILER_APPICON_NAME = AppIcon;
				CODE_SIGN_IDENTITY = "iPhone Developer";
				"CODE_SIGN_IDENTITY[sdk=iphoneos*]" = "iPhone Developer";
				INFOPLIST_FILE = YJTest/Info.plist;
				IPHONEOS_DEPLOYMENT_TARGET = 8.1;
				LD_RUNPATH_SEARCH_PATHS = "$(inherited) @executable_path/Frameworks";
				PRODUCT_BUNDLE_IDENTIFIER = com.YJ.YJTest;
				PRODUCT_NAME = "$(TARGET_NAME)";
				PROVISIONING_PROFILE = "";
			};
			name = Release;
		};
/* End XCBuildConfiguration section */

/* Begin XCConfigurationList section */
		12E660181C560E6800524CE5 /* Build configuration list for PBXProject "YJTest" */ = {
			isa = XCConfigurationList;
			buildConfigurations = (
				12E660321C560E6900524CE5 /* Debug */,
				12E660331C560E6900524CE5 /* Release */,
			);
			defaultConfigurationIsVisible = 0;
			defaultConfigurationName = Release;
		};
		12E660341C560E6900524CE5 /* Build configuration list for PBXNativeTarget "YJTest" */ = {
			isa = XCConfigurationList;
			buildConfigurations = (
				12E660351C560E6900524CE5 /* Debug */,
				12E660361C560E6900524CE5 /* Release */,
			);
			defaultConfigurationIsVisible = 0;
			defaultConfigurationName = Release;
		};
/* End XCConfigurationList section */
	};
	rootObject = 12E660151C560E6800524CE5 /* Project object */;
}
